// !$*UTF8*$!
{
	archiveVersion = 1;
	classes = {
	};
	objectVersion = 48;
	objects = {

/* Begin PBXBuildFile section */
		032D04CE2CE7699C77D0B140 /* Pods_GithubSearch.framework in Frameworks */ = {isa = PBXBuildFile; fileRef = 20EA3E4D56301802FA2BB922 /* Pods_GithubSearch.framework */; };
		53EDB98D203AC89900D51A09 /* AppDelegate.m in Sources */ = {isa = PBXBuildFile; fileRef = 53EDB98C203AC89900D51A09 /* AppDelegate.m */; };
		53EDB990203AC89900D51A09 /* ViewController.m in Sources */ = {isa = PBXBuildFile; fileRef = 53EDB98F203AC89900D51A09 /* ViewController.m */; };
		53EDB993203AC89900D51A09 /* Main.storyboard in Resources */ = {isa = PBXBuildFile; fileRef = 53EDB991203AC89900D51A09 /* Main.storyboard */; };
		53EDB995203AC89900D51A09 /* Assets.xcassets in Resources */ = {isa = PBXBuildFile; fileRef = 53EDB994203AC89900D51A09 /* Assets.xcassets */; };
		53EDB998203AC89900D51A09 /* LaunchScreen.storyboard in Resources */ = {isa = PBXBuildFile; fileRef = 53EDB996203AC89900D51A09 /* LaunchScreen.storyboard */; };
		53EDB99B203AC89A00D51A09 /* main.m in Sources */ = {isa = PBXBuildFile; fileRef = 53EDB99A203AC89A00D51A09 /* main.m */; };
		53EDB9A7203BBE4700D51A09 /* RepoInfo.m in Sources */ = {isa = PBXBuildFile; fileRef = 53EDB9A6203BBE4700D51A09 /* RepoInfo.m */; };
		53EDB9AD203C1B9D00D51A09 /* RepoTableViewCell.m in Sources */ = {isa = PBXBuildFile; fileRef = 53EDB9AC203C1B9D00D51A09 /* RepoTableViewCell.m */; };
/* End PBXBuildFile section */

/* Begin PBXFileReference section */
		03D0DFC017289DEFCF6043C1 /* Pods-GithubSearch.debug.xcconfig */ = {isa = PBXFileReference; includeInIndex = 1; lastKnownFileType = text.xcconfig; name = "Pods-GithubSearch.debug.xcconfig"; path = "Pods/Target Support Files/Pods-GithubSearch/Pods-GithubSearch.debug.xcconfig"; sourceTree = "<group>"; };
		1004A17140D244A889277D2D /* Pods-GithubSearch.release.xcconfig */ = {isa = PBXFileReference; includeInIndex = 1; lastKnownFileType = text.xcconfig; name = "Pods-GithubSearch.release.xcconfig"; path = "Pods/Target Support Files/Pods-GithubSearch/Pods-GithubSearch.release.xcconfig"; sourceTree = "<group>"; };
		20EA3E4D56301802FA2BB922 /* Pods_GithubSearch.framework */ = {isa = PBXFileReference; explicitFileType = wrapper.framework; includeInIndex = 0; path = Pods_GithubSearch.framework; sourceTree = BUILT_PRODUCTS_DIR; };
		53EDB988203AC89900D51A09 /* GithubSearch.app */ = {isa = PBXFileReference; explicitFileType = wrapper.application; includeInIndex = 0; path = GithubSearch.app; sourceTree = BUILT_PRODUCTS_DIR; };
		53EDB98B203AC89900D51A09 /* AppDelegate.h */ = {isa = PBXFileReference; lastKnownFileType = sourcecode.c.h; path = AppDelegate.h; sourceTree = "<group>"; };
		53EDB98C203AC89900D51A09 /* AppDelegate.m */ = {isa = PBXFileReference; lastKnownFileType = sourcecode.c.objc; path = AppDelegate.m; sourceTree = "<group>"; };
		53EDB98E203AC89900D51A09 /* ViewController.h */ = {isa = PBXFileReference; lastKnownFileType = sourcecode.c.h; path = ViewController.h; sourceTree = "<group>"; };
		53EDB98F203AC89900D51A09 /* ViewController.m */ = {isa = PBXFileReference; lastKnownFileType = sourcecode.c.objc; path = ViewController.m; sourceTree = "<group>"; };
		53EDB992203AC89900D51A09 /* Base */ = {isa = PBXFileReference; lastKnownFileType = file.storyboard; name = Base; path = Base.lproj/Main.storyboard; sourceTree = "<group>"; };
		53EDB994203AC89900D51A09 /* Assets.xcassets */ = {isa = PBXFileReference; lastKnownFileType = folder.assetcatalog; path = Assets.xcassets; sourceTree = "<group>"; };
		53EDB997203AC89900D51A09 /* Base */ = {isa = PBXFileReference; lastKnownFileType = file.storyboard; name = Base; path = Base.lproj/LaunchScreen.storyboard; sourceTree = "<group>"; };
		53EDB999203AC89A00D51A09 /* Info.plist */ = {isa = PBXFileReference; lastKnownFileType = text.plist.xml; path = Info.plist; sourceTree = "<group>"; };
		53EDB99A203AC89A00D51A09 /* main.m */ = {isa = PBXFileReference; lastKnownFileType = sourcecode.c.objc; path = main.m; sourceTree = "<group>"; };
		53EDB9A5203ACC8800D51A09 /* RepoInfo.h */ = {isa = PBXFileReference; lastKnownFileType = sourcecode.c.h; path = RepoInfo.h; sourceTree = "<group>"; };
		53EDB9A6203BBE4700D51A09 /* RepoInfo.m */ = {isa = PBXFileReference; lastKnownFileType = sourcecode.c.objc; path = RepoInfo.m; sourceTree = "<group>"; };
		53EDB9AB203C1B9D00D51A09 /* RepoTableViewCell.h */ = {isa = PBXFileReference; lastKnownFileType = sourcecode.c.h; path = RepoTableViewCell.h; sourceTree = "<group>"; };
		53EDB9AC203C1B9D00D51A09 /* RepoTableViewCell.m */ = {isa = PBXFileReference; lastKnownFileType = sourcecode.c.objc; path = RepoTableViewCell.m; sourceTree = "<group>"; };
/* End PBXFileReference section */

/* Begin PBXFrameworksBuildPhase section */
		53EDB985203AC89900D51A09 /* Frameworks */ = {
			isa = PBXFrameworksBuildPhase;
			buildActionMask = 2147483647;
			files = (
				032D04CE2CE7699C77D0B140 /* Pods_GithubSearch.framework in Frameworks */,
			);
			runOnlyForDeploymentPostprocessing = 0;
		};
/* End PBXFrameworksBuildPhase section */

/* Begin PBXGroup section */
		53EDB97F203AC89900D51A09 = {
			isa = PBXGroup;
			children = (
				53EDB98A203AC89900D51A09 /* GithubSearch */,
				53EDB989203AC89900D51A09 /* Products */,
				CE947279D4BB43603E4DFC27 /* Pods */,
				BAA4D8BFF1EC14CD4D665D40 /* Frameworks */,
			);
			sourceTree = "<group>";
		};
		53EDB989203AC89900D51A09 /* Products */ = {
			isa = PBXGroup;
			children = (
				53EDB988203AC89900D51A09 /* GithubSearch.app */,
			);
			name = Products;
			sourceTree = "<group>";
		};
		53EDB98A203AC89900D51A09 /* GithubSearch */ = {
			isa = PBXGroup;
			children = (
				53EDB9A2203ACC3000D51A09 /* Model */,
				53EDB9A3203ACC3600D51A09 /* View */,
				53EDB9A4203ACC4100D51A09 /* Controller */,
				53EDB991203AC89900D51A09 /* Main.storyboard */,
				53EDB994203AC89900D51A09 /* Assets.xcassets */,
				53EDB999203AC89A00D51A09 /* Info.plist */,
				53EDB9A1203AC8A200D51A09 /* SupportingFiles */,
			);
			path = GithubSearch;
			sourceTree = "<group>";
		};
		53EDB9A1203AC8A200D51A09 /* SupportingFiles */ = {
			isa = PBXGroup;
			children = (
				53EDB98B203AC89900D51A09 /* AppDelegate.h */,
				53EDB98C203AC89900D51A09 /* AppDelegate.m */,
				53EDB996203AC89900D51A09 /* LaunchScreen.storyboard */,
				53EDB99A203AC89A00D51A09 /* main.m */,
			);
			path = SupportingFiles;
			sourceTree = "<group>";
		};
		53EDB9A2203ACC3000D51A09 /* Model */ = {
			isa = PBXGroup;
			children = (
				53EDB9A5203ACC8800D51A09 /* RepoInfo.h */,
				53EDB9A6203BBE4700D51A09 /* RepoInfo.m */,
			);
			path = Model;
			sourceTree = "<group>";
		};
		53EDB9A3203ACC3600D51A09 /* View */ = {
			isa = PBXGroup;
			children = (
				53EDB9AB203C1B9D00D51A09 /* RepoTableViewCell.h */,
				53EDB9AC203C1B9D00D51A09 /* RepoTableViewCell.m */,
			);
			path = View;
			sourceTree = "<group>";
		};
		53EDB9A4203ACC4100D51A09 /* Controller */ = {
			isa = PBXGroup;
			children = (
				53EDB98E203AC89900D51A09 /* ViewController.h */,
				53EDB98F203AC89900D51A09 /* ViewController.m */,
			);
			path = Controller;
			sourceTree = "<group>";
		};
		BAA4D8BFF1EC14CD4D665D40 /* Frameworks */ = {
			isa = PBXGroup;
			children = (
				20EA3E4D56301802FA2BB922 /* Pods_GithubSearch.framework */,
			);
			name = Frameworks;
			sourceTree = "<group>";
		};
		CE947279D4BB43603E4DFC27 /* Pods */ = {
			isa = PBXGroup;
			children = (
				03D0DFC017289DEFCF6043C1 /* Pods-GithubSearch.debug.xcconfig */,
				1004A17140D244A889277D2D /* Pods-GithubSearch.release.xcconfig */,
			);
			name = Pods;
			sourceTree = "<group>";
		};
/* End PBXGroup section */

/* Begin PBXNativeTarget section */
		53EDB987203AC89900D51A09 /* GithubSearch */ = {
			isa = PBXNativeTarget;
			buildConfigurationList = 53EDB99E203AC89A00D51A09 /* Build configuration list for PBXNativeTarget "GithubSearch" */;
			buildPhases = (
				5D4648FC53DD466602E09977 /* [CP] Check Pods Manifest.lock */,
				53EDB984203AC89900D51A09 /* Sources */,
				53EDB985203AC89900D51A09 /* Frameworks */,
				53EDB986203AC89900D51A09 /* Resources */,
				2F816E40026498A5A2DDC8C5 /* [CP] Embed Pods Frameworks */,
				228368E817424407F642BB1E /* [CP] Copy Pods Resources */,
			);
			buildRules = (
			);
			dependencies = (
			);
			name = GithubSearch;
			productName = "GithubSearch(Objc)";
			productReference = 53EDB988203AC89900D51A09 /* GithubSearch.app */;
			productType = "com.apple.product-type.application";
		};
/* End PBXNativeTarget section */

/* Begin PBXProject section */
		53EDB980203AC89900D51A09 /* Project object */ = {
			isa = PBXProject;
			attributes = {
				LastUpgradeCheck = 0920;
				ORGANIZATIONNAME = Nathan;
				TargetAttributes = {
					53EDB987203AC89900D51A09 = {
						CreatedOnToolsVersion = 9.2;
						ProvisioningStyle = Automatic;
					};
				};
			};
			buildConfigurationList = 53EDB983203AC89900D51A09 /* Build configuration list for PBXProject "GithubSearch" */;
			compatibilityVersion = "Xcode 8.0";
			developmentRegion = en;
			hasScannedForEncodings = 0;
			knownRegions = (
				en,
				Base,
			);
			mainGroup = 53EDB97F203AC89900D51A09;
			productRefGroup = 53EDB989203AC89900D51A09 /* Products */;
			projectDirPath = "";
			projectRoot = "";
			targets = (
				53EDB987203AC89900D51A09 /* GithubSearch */,
			);
		};
/* End PBXProject section */

/* Begin PBXResourcesBuildPhase section */
		53EDB986203AC89900D51A09 /* Resources */ = {
			isa = PBXResourcesBuildPhase;
			buildActionMask = 2147483647;
			files = (
				53EDB998203AC89900D51A09 /* LaunchScreen.storyboard in Resources */,
				53EDB995203AC89900D51A09 /* Assets.xcassets in Resources */,
				53EDB993203AC89900D51A09 /* Main.storyboard in Resources */,
			);
			runOnlyForDeploymentPostprocessing = 0;
		};
/* End PBXResourcesBuildPhase section */

/* Begin PBXShellScriptBuildPhase section */
		228368E817424407F642BB1E /* [CP] Copy Pods Resources */ = {
			isa = PBXShellScriptBuildPhase;
			buildActionMask = 2147483647;
			files = (
			);
			inputPaths = (
			);
			name = "[CP] Copy Pods Resources";
			outputPaths = (
			);
			runOnlyForDeploymentPostprocessing = 0;
			shellPath = /bin/sh;
			shellScript = "\"${SRCROOT}/Pods/Target Support Files/Pods-GithubSearch/Pods-GithubSearch-resources.sh\"\n";
			showEnvVarsInLog = 0;
		};
		2F816E40026498A5A2DDC8C5 /* [CP] Embed Pods Frameworks */ = {
			isa = PBXShellScriptBuildPhase;
			buildActionMask = 2147483647;
			files = (
			);
			inputPaths = (
				"${SRCROOT}/Pods/Target Support Files/Pods-GithubSearch/Pods-GithubSearch-frameworks.sh",
				"${BUILT_PRODUCTS_DIR}/AFNetworking/AFNetworking.framework",
				"${BUILT_PRODUCTS_DIR}/SDWebImage/SDWebImage.framework",
			);
			name = "[CP] Embed Pods Frameworks";
			outputPaths = (
				"${TARGET_BUILD_DIR}/${FRAMEWORKS_FOLDER_PATH}/AFNetworking.framework",
				"${TARGET_BUILD_DIR}/${FRAMEWORKS_FOLDER_PATH}/SDWebImage.framework",
			);
			runOnlyForDeploymentPostprocessing = 0;
			shellPath = /bin/sh;
			shellScript = "\"${SRCROOT}/Pods/Target Support Files/Pods-GithubSearch/Pods-GithubSearch-frameworks.sh\"\n";
			showEnvVarsInLog = 0;
		};
		5D4648FC53DD466602E09977 /* [CP] Check Pods Manifest.lock */ = {
			isa = PBXShellScriptBuildPhase;
			buildActionMask = 2147483647;
			files = (
			);
			inputPaths = (
				"${PODS_PODFILE_DIR_PATH}/Podfile.lock",
				"${PODS_ROOT}/Manifest.lock",
			);
			name = "[CP] Check Pods Manifest.lock";
			outputPaths = (
				"$(DERIVED_FILE_DIR)/Pods-GithubSearch-checkManifestLockResult.txt",
			);
			runOnlyForDeploymentPostprocessing = 0;
			shellPath = /bin/sh;
			shellScript = "diff \"${PODS_PODFILE_DIR_PATH}/Podfile.lock\" \"${PODS_ROOT}/Manifest.lock\" > /dev/null\nif [ $? != 0 ] ; then\n    # print error to STDERR\n    echo \"error: The sandbox is not in sync with the Podfile.lock. Run 'pod install' or update your CocoaPods installation.\" >&2\n    exit 1\nfi\n# This output is used by Xcode 'outputs' to avoid re-running this script phase.\necho \"SUCCESS\" > \"${SCRIPT_OUTPUT_FILE_0}\"\n";
			showEnvVarsInLog = 0;
		};
/* End PBXShellScriptBuildPhase section */

/* Begin PBXSourcesBuildPhase section */
		53EDB984203AC89900D51A09 /* Sources */ = {
			isa = PBXSourcesBuildPhase;
			buildActionMask = 2147483647;
			files = (
				53EDB990203AC89900D51A09 /* ViewController.m in Sources */,
				53EDB99B203AC89A00D51A09 /* main.m in Sources */,
				53EDB98D203AC89900D51A09 /* AppDelegate.m in Sources */,
				53EDB9A7203BBE4700D51A09 /* RepoInfo.m in Sources */,
				53EDB9AD203C1B9D00D51A09 /* RepoTableViewCell.m in Sources */,
			);
			runOnlyForDeploymentPostprocessing = 0;
		};
/* End PBXSourcesBuildPhase section */

/* Begin PBXVariantGroup section */
		53EDB991203AC89900D51A09 /* Main.storyboard */ = {
			isa = PBXVariantGroup;
			children = (
				53EDB992203AC89900D51A09 /* Base */,
			);
			name = Main.storyboard;
			sourceTree = "<group>";
		};
		53EDB996203AC89900D51A09 /* LaunchScreen.storyboard */ = {
			isa = PBXVariantGroup;
			children = (
				53EDB997203AC89900D51A09 /* Base */,
			);
			name = LaunchScreen.storyboard;
			sourceTree = "<group>";
		};
/* End PBXVariantGroup section */

/* Begin XCBuildConfiguration section */
		53EDB99C203AC89A00D51A09 /* Debug */ = {
			isa = XCBuildConfiguration;
			buildSettings = {
				ALWAYS_SEARCH_USER_PATHS = NO;
				CLANG_ANALYZER_NONNULL = YES;
				CLANG_ANALYZER_NUMBER_OBJECT_CONVERSION = YES_AGGRESSIVE;
				CLANG_CXX_LANGUAGE_STANDARD = "gnu++14";
				CLANG_CXX_LIBRARY = "libc++";
				CLANG_ENABLE_MODULES = YES;
				CLANG_ENABLE_OBJC_ARC = YES;
				CLANG_WARN_BLOCK_CAPTURE_AUTORELEASING = YES;
				CLANG_WARN_BOOL_CONVERSION = YES;
				CLANG_WARN_COMMA = YES;
				CLANG_WARN_CONSTANT_CONVERSION = YES;
				CLANG_WARN_DIRECT_OBJC_ISA_USAGE = YES_ERROR;
				CLANG_WARN_DOCUMENTATION_COMMENTS = YES;
				CLANG_WARN_EMPTY_BODY = YES;
				CLANG_WARN_ENUM_CONVERSION = YES;
				CLANG_WARN_INFINITE_RECURSION = YES;
				CLANG_WARN_INT_CONVERSION = YES;
				CLANG_WARN_NON_LITERAL_NULL_CONVERSION = YES;
				CLANG_WARN_OBJC_LITERAL_CONVERSION = YES;
				CLANG_WARN_OBJC_ROOT_CLASS = YES_ERROR;
				CLANG_WARN_RANGE_LOOP_ANALYSIS = YES;
				CLANG_WARN_STRICT_PROTOTYPES = YES;
				CLANG_WARN_SUSPICIOUS_MOVE = YES;
				CLANG_WARN_UNGUARDED_AVAILABILITY = YES_AGGRESSIVE;
				CLANG_WARN_UNREACHABLE_CODE = YES;
				CLANG_WARN__DUPLICATE_METHOD_MATCH = YES;
				CODE_SIGN_IDENTITY = "iPhone Developer";
				COPY_PHASE_STRIP = NO;
				DEBUG_INFORMATION_FORMAT = dwarf;
				ENABLE_STRICT_OBJC_MSGSEND = YES;
				ENABLE_TESTABILITY = YES;
				GCC_C_LANGUAGE_STANDARD = gnu11;
				GCC_DYNAMIC_NO_PIC = NO;
				GCC_NO_COMMON_BLOCKS = YES;
				GCC_OPTIMIZATION_LEVEL = 0;
				GCC_PREPROCESSOR_DEFINITIONS = (
					"DEBUG=1",
					"$(inherited)",
				);
				GCC_WARN_64_TO_32_BIT_CONVERSION = YES;
				GCC_WARN_ABOUT_RETURN_TYPE = YES_ERROR;
				GCC_WARN_UNDECLARED_SELECTOR = YES;
				GCC_WARN_UNINITIALIZED_AUTOS = YES_AGGRESSIVE;
				GCC_WARN_UNUSED_FUNCTION = YES;
				GCC_WARN_UNUSED_VARIABLE = YES;
				IPHONEOS_DEPLOYMENT_TARGET = 11.2;
				MTL_ENABLE_DEBUG_INFO = YES;
				ONLY_ACTIVE_ARCH = YES;
				SDKROOT = iphoneos;
			};
			name = Debug;
		};
		53EDB99D203AC89A00D51A09 /* Release */ = {
			isa = XCBuildConfiguration;
			buildSettings = {
				ALWAYS_SEARCH_USER_PATHS = NO;
				CLANG_ANALYZER_NONNULL = YES;
				CLANG_ANALYZER_NUMBER_OBJECT_CONVERSION = YES_AGGRESSIVE;
				CLANG_CXX_LANGUAGE_STANDARD = "gnu++14";
				CLANG_CXX_LIBRARY = "libc++";
				CLANG_ENABLE_MODULES = YES;
				CLANG_ENABLE_OBJC_ARC = YES;
				CLANG_WARN_BLOCK_CAPTURE_AUTORELEASING = YES;
				CLANG_WARN_BOOL_CONVERSION = YES;
				CLANG_WARN_COMMA = YES;
				CLANG_WARN_CONSTANT_CONVERSION = YES;
				CLANG_WARN_DIRECT_OBJC_ISA_USAGE = YES_ERROR;
				CLANG_WARN_DOCUMENTATION_COMMENTS = YES;
				CLANG_WARN_EMPTY_BODY = YES;
				CLANG_WARN_ENUM_CONVERSION = YES;
				CLANG_WARN_INFINITE_RECURSION = YES;
				CLANG_WARN_INT_CONVERSION = YES;
				CLANG_WARN_NON_LITERAL_NULL_CONVERSION = YES;
				CLANG_WARN_OBJC_LITERAL_CONVERSION = YES;
				CLANG_WARN_OBJC_ROOT_CLASS = YES_ERROR;
				CLANG_WARN_RANGE_LOOP_ANALYSIS = YES;
				CLANG_WARN_STRICT_PROTOTYPES = YES;
				CLANG_WARN_SUSPICIOUS_MOVE = YES;
				CLANG_WARN_UNGUARDED_AVAILABILITY = YES_AGGRESSIVE;
				CLANG_WARN_UNREACHABLE_CODE = YES;
				CLANG_WARN__DUPLICATE_METHOD_MATCH = YES;
				CODE_SIGN_IDENTITY = "iPhone Developer";
				COPY_PHASE_STRIP = NO;
				DEBUG_INFORMATION_FORMAT = "dwarf-with-dsym";
				ENABLE_NS_ASSERTIONS = NO;
				ENABLE_STRICT_OBJC_MSGSEND = YES;
				GCC_C_LANGUAGE_STANDARD = gnu11;
				GCC_NO_COMMON_BLOCKS = YES;
				GCC_WARN_64_TO_32_BIT_CONVERSION = YES;
				GCC_WARN_ABOUT_RETURN_TYPE = YES_ERROR;
				GCC_WARN_UNDECLARED_SELECTOR = YES;
				GCC_WARN_UNINITIALIZED_AUTOS = YES_AGGRESSIVE;
				GCC_WARN_UNUSED_FUNCTION = YES;
				GCC_WARN_UNUSED_VARIABLE = YES;
				IPHONEOS_DEPLOYMENT_TARGET = 11.2;
				MTL_ENABLE_DEBUG_INFO = NO;
				SDKROOT = iphoneos;
				VALIDATE_PRODUCT = YES;
			};
			name = Release;
		};
		53EDB99F203AC89A00D51A09 /* Debug */ = {
			isa = XCBuildConfiguration;
			baseConfigurationReference = 03D0DFC017289DEFCF6043C1 /* Pods-GithubSearch.debug.xcconfig */;
			buildSettings = {
				ASSETCATALOG_COMPILER_APPICON_NAME = AppIcon;
				CODE_SIGN_STYLE = Automatic;
				DEVELOPMENT_TEAM = 4BK622B2V3;
				INFOPLIST_FILE = GithubSearch/Info.plist;
				LD_RUNPATH_SEARCH_PATHS = "$(inherited) @executable_path/Frameworks";
				PRODUCT_BUNDLE_IDENTIFIER = "nathan.GithubSearch-Objc-";
				PRODUCT_NAME = "$(TARGET_NAME)";
				TARGETED_DEVICE_FAMILY = "1,2";
			};
			name = Debug;
		};
		53EDB9A0203AC89A00D51A09 /* Release */ = {
			isa = XCBuildConfiguration;
			baseConfigurationReference = 1004A17140D244A889277D2D /* Pods-GithubSearch.release.xcconfig */;
			buildSettings = {
				ASSETCATALOG_COMPILER_APPICON_NAME = AppIcon;
				CODE_SIGN_STYLE = Automatic;
				DEVELOPMENT_TEAM = 4BK622B2V3;
				INFOPLIST_FILE = GithubSearch/Info.plist;
				LD_RUNPATH_SEARCH_PATHS = "$(inherited) @executable_path/Frameworks";
				PRODUCT_BUNDLE_IDENTIFIER = "nathan.GithubSearch-Objc-";
				PRODUCT_NAME = "$(TARGET_NAME)";
				TARGETED_DEVICE_FAMILY = "1,2";
			};
			name = Release;
		};
/* End XCBuildConfiguration section */

/* Begin XCConfigurationList section */
		53EDB983203AC89900D51A09 /* Build configuration list for PBXProject "GithubSearch" */ = {
			isa = XCConfigurationList;
			buildConfigurations = (
				53EDB99C203AC89A00D51A09 /* Debug */,
				53EDB99D203AC89A00D51A09 /* Release */,
			);
			defaultConfigurationIsVisible = 0;
			defaultConfigurationName = Release;
		};
		53EDB99E203AC89A00D51A09 /* Build configuration list for PBXNativeTarget "GithubSearch" */ = {
			isa = XCConfigurationList;
			buildConfigurations = (
				53EDB99F203AC89A00D51A09 /* Debug */,
				53EDB9A0203AC89A00D51A09 /* Release */,
			);
			defaultConfigurationIsVisible = 0;
			defaultConfigurationName = Release;
		};
/* End XCConfigurationList section */
	};
	rootObject = 53EDB980203AC89900D51A09 /* Project object */;
}
