// !$*UTF8*$!
{
	archiveVersion = 1;
	classes = {
	};
	objectVersion = 48;
	objects = {

/* Begin PBXBuildFile section */
		53F3E75D1FD9A1EC007CEF5D /* AppDelegate.swift in Sources */ = {isa = PBXBuildFile; fileRef = 53F3E75C1FD9A1EC007CEF5D /* AppDelegate.swift */; };
		53F3E75F1FD9A1EC007CEF5D /* ViewController.swift in Sources */ = {isa = PBXBuildFile; fileRef = 53F3E75E1FD9A1EC007CEF5D /* ViewController.swift */; };
		53F3E7621FD9A1EC007CEF5D /* Main.storyboard in Resources */ = {isa = PBXBuildFile; fileRef = 53F3E7601FD9A1EC007CEF5D /* Main.storyboard */; };
		53F3E7641FD9A1EC007CEF5D /* Assets.xcassets in Resources */ = {isa = PBXBuildFile; fileRef = 53F3E7631FD9A1EC007CEF5D /* Assets.xcassets */; };
		53F3E7671FD9A1EC007CEF5D /* LaunchScreen.storyboard in Resources */ = {isa = PBXBuildFile; fileRef = 53F3E7651FD9A1EC007CEF5D /* LaunchScreen.storyboard */; };
		53F3E7701FD9A23F007CEF5D /* WebViewController.swift in Sources */ = {isa = PBXBuildFile; fileRef = 53F3E76F1FD9A23F007CEF5D /* WebViewController.swift */; };
		BD84A0B68F005372F9511363 /* Pods_GithubSearchDemo.framework in Frameworks */ = {isa = PBXBuildFile; fileRef = D23717A535B3F657AE97072F /* Pods_GithubSearchDemo.framework */; };
/* End PBXBuildFile section */

/* Begin PBXFileReference section */
		53F3E7591FD9A1EC007CEF5D /* GithubSearchDemo.app */ = {isa = PBXFileReference; explicitFileType = wrapper.application; includeInIndex = 0; path = GithubSearchDemo.app; sourceTree = BUILT_PRODUCTS_DIR; };
		53F3E75C1FD9A1EC007CEF5D /* AppDelegate.swift */ = {isa = PBXFileReference; lastKnownFileType = sourcecode.swift; path = AppDelegate.swift; sourceTree = "<group>"; };
		53F3E75E1FD9A1EC007CEF5D /* ViewController.swift */ = {isa = PBXFileReference; lastKnownFileType = sourcecode.swift; path = ViewController.swift; sourceTree = "<group>"; };
		53F3E7611FD9A1EC007CEF5D /* Base */ = {isa = PBXFileReference; lastKnownFileType = file.storyboard; name = Base; path = Base.lproj/Main.storyboard; sourceTree = "<group>"; };
		53F3E7631FD9A1EC007CEF5D /* Assets.xcassets */ = {isa = PBXFileReference; lastKnownFileType = folder.assetcatalog; path = Assets.xcassets; sourceTree = "<group>"; };
		53F3E7661FD9A1EC007CEF5D /* Base */ = {isa = PBXFileReference; lastKnownFileType = file.storyboard; name = Base; path = Base.lproj/LaunchScreen.storyboard; sourceTree = "<group>"; };
		53F3E7681FD9A1EC007CEF5D /* Info.plist */ = {isa = PBXFileReference; lastKnownFileType = text.plist.xml; path = Info.plist; sourceTree = "<group>"; };
		53F3E76F1FD9A23F007CEF5D /* WebViewController.swift */ = {isa = PBXFileReference; lastKnownFileType = sourcecode.swift; path = WebViewController.swift; sourceTree = "<group>"; };
		BCE6BD6F4BAEB0B4D7ADA817 /* Pods-GithubSearchDemo.release.xcconfig */ = {isa = PBXFileReference; includeInIndex = 1; lastKnownFileType = text.xcconfig; name = "Pods-GithubSearchDemo.release.xcconfig"; path = "Pods/Target Support Files/Pods-GithubSearchDemo/Pods-GithubSearchDemo.release.xcconfig"; sourceTree = "<group>"; };
		C92645BD3C2B5B0D7B4C1FD0 /* Pods-GithubSearchDemo.debug.xcconfig */ = {isa = PBXFileReference; includeInIndex = 1; lastKnownFileType = text.xcconfig; name = "Pods-GithubSearchDemo.debug.xcconfig"; path = "Pods/Target Support Files/Pods-GithubSearchDemo/Pods-GithubSearchDemo.debug.xcconfig"; sourceTree = "<group>"; };
		D23717A535B3F657AE97072F /* Pods_GithubSearchDemo.framework */ = {isa = PBXFileReference; explicitFileType = wrapper.framework; includeInIndex = 0; path = Pods_GithubSearchDemo.framework; sourceTree = BUILT_PRODUCTS_DIR; };
/* End PBXFileReference section */

/* Begin PBXFrameworksBuildPhase section */
		53F3E7561FD9A1EC007CEF5D /* Frameworks */ = {
			isa = PBXFrameworksBuildPhase;
			buildActionMask = 2147483647;
			files = (
				BD84A0B68F005372F9511363 /* Pods_GithubSearchDemo.framework in Frameworks */,
			);
			runOnlyForDeploymentPostprocessing = 0;
		};
/* End PBXFrameworksBuildPhase section */

/* Begin PBXGroup section */
		53F3E7501FD9A1EC007CEF5D = {
			isa = PBXGroup;
			children = (
				53F3E75B1FD9A1EC007CEF5D /* GithubSearchDemo */,
				53F3E75A1FD9A1EC007CEF5D /* Products */,
				EC614C2E2376AA18E039F430 /* Pods */,
				5EDF68C7AFFD7A87BDA1323B /* Frameworks */,
			);
			sourceTree = "<group>";
		};
		53F3E75A1FD9A1EC007CEF5D /* Products */ = {
			isa = PBXGroup;
			children = (
				53F3E7591FD9A1EC007CEF5D /* GithubSearchDemo.app */,
			);
			name = Products;
			sourceTree = "<group>";
		};
		53F3E75B1FD9A1EC007CEF5D /* GithubSearchDemo */ = {
			isa = PBXGroup;
			children = (
				53F3E75C1FD9A1EC007CEF5D /* AppDelegate.swift */,
				53F3E75E1FD9A1EC007CEF5D /* ViewController.swift */,
				53F3E7601FD9A1EC007CEF5D /* Main.storyboard */,
				53F3E7631FD9A1EC007CEF5D /* Assets.xcassets */,
				53F3E7681FD9A1EC007CEF5D /* Info.plist */,
				53F3E76F1FD9A23F007CEF5D /* WebViewController.swift */,
				53F3E76E1FD9A204007CEF5D /* Supporting Files */,
			);
			path = GithubSearchDemo;
			sourceTree = "<group>";
		};
		53F3E76E1FD9A204007CEF5D /* Supporting Files */ = {
			isa = PBXGroup;
			children = (
				53F3E7651FD9A1EC007CEF5D /* LaunchScreen.storyboard */,
			);
			path = "Supporting Files";
			sourceTree = "<group>";
		};
		5EDF68C7AFFD7A87BDA1323B /* Frameworks */ = {
			isa = PBXGroup;
			children = (
				D23717A535B3F657AE97072F /* Pods_GithubSearchDemo.framework */,
			);
			name = Frameworks;
			sourceTree = "<group>";
		};
		EC614C2E2376AA18E039F430 /* Pods */ = {
			isa = PBXGroup;
			children = (
				C92645BD3C2B5B0D7B4C1FD0 /* Pods-GithubSearchDemo.debug.xcconfig */,
				BCE6BD6F4BAEB0B4D7ADA817 /* Pods-GithubSearchDemo.release.xcconfig */,
			);
			name = Pods;
			sourceTree = "<group>";
		};
/* End PBXGroup section */

/* Begin PBXNativeTarget section */
		53F3E7581FD9A1EC007CEF5D /* GithubSearchDemo */ = {
			isa = PBXNativeTarget;
			buildConfigurationList = 53F3E76B1FD9A1EC007CEF5D /* Build configuration list for PBXNativeTarget "GithubSearchDemo" */;
			buildPhases = (
				9CDF8CE8874F0807E746D62B /* [CP] Check Pods Manifest.lock */,
				53F3E7551FD9A1EC007CEF5D /* Sources */,
				53F3E7561FD9A1EC007CEF5D /* Frameworks */,
				53F3E7571FD9A1EC007CEF5D /* Resources */,
				E2D6828F5566EC24C947D588 /* [CP] Embed Pods Frameworks */,
				E753CB61BE310FC5B6B65DEB /* [CP] Copy Pods Resources */,
			);
			buildRules = (
			);
			dependencies = (
			);
			name = GithubSearchDemo;
			productName = GithubSearchDemo;
			productReference = 53F3E7591FD9A1EC007CEF5D /* GithubSearchDemo.app */;
			productType = "com.apple.product-type.application";
		};
/* End PBXNativeTarget section */

/* Begin PBXProject section */
		53F3E7511FD9A1EC007CEF5D /* Project object */ = {
			isa = PBXProject;
			attributes = {
				LastSwiftUpdateCheck = 0910;
				LastUpgradeCheck = 0910;
				ORGANIZATIONNAME = Nathan;
				TargetAttributes = {
					53F3E7581FD9A1EC007CEF5D = {
						CreatedOnToolsVersion = 9.1;
						ProvisioningStyle = Automatic;
					};
				};
			};
			buildConfigurationList = 53F3E7541FD9A1EC007CEF5D /* Build configuration list for PBXProject "GithubSearchDemo" */;
			compatibilityVersion = "Xcode 8.0";
			developmentRegion = en;
			hasScannedForEncodings = 0;
			knownRegions = (
				en,
				Base,
			);
			mainGroup = 53F3E7501FD9A1EC007CEF5D;
			productRefGroup = 53F3E75A1FD9A1EC007CEF5D /* Products */;
			projectDirPath = "";
			projectRoot = "";
			targets = (
				53F3E7581FD9A1EC007CEF5D /* GithubSearchDemo */,
			);
		};
/* End PBXProject section */

/* Begin PBXResourcesBuildPhase section */
		53F3E7571FD9A1EC007CEF5D /* Resources */ = {
			isa = PBXResourcesBuildPhase;
			buildActionMask = 2147483647;
			files = (
				53F3E7671FD9A1EC007CEF5D /* LaunchScreen.storyboard in Resources */,
				53F3E7641FD9A1EC007CEF5D /* Assets.xcassets in Resources */,
				53F3E7621FD9A1EC007CEF5D /* Main.storyboard in Resources */,
			);
			runOnlyForDeploymentPostprocessing = 0;
		};
/* End PBXResourcesBuildPhase section */

/* Begin PBXShellScriptBuildPhase section */
		9CDF8CE8874F0807E746D62B /* [CP] Check Pods Manifest.lock */ = {
			isa = PBXShellScriptBuildPhase;
			buildActionMask = 2147483647;
			files = (
			);
			inputPaths = (
				"${PODS_PODFILE_DIR_PATH}/Podfile.lock",
				"${PODS_ROOT}/Manifest.lock",
			);
			name = "[CP] Check Pods Manifest.lock";
			outputPaths = (
				"$(DERIVED_FILE_DIR)/Pods-GithubSearchDemo-checkManifestLockResult.txt",
			);
			runOnlyForDeploymentPostprocessing = 0;
			shellPath = /bin/sh;
			shellScript = "diff \"${PODS_PODFILE_DIR_PATH}/Podfile.lock\" \"${PODS_ROOT}/Manifest.lock\" > /dev/null\nif [ $? != 0 ] ; then\n    # print error to STDERR\n    echo \"error: The sandbox is not in sync with the Podfile.lock. Run 'pod install' or update your CocoaPods installation.\" >&2\n    exit 1\nfi\n# This output is used by Xcode 'outputs' to avoid re-running this script phase.\necho \"SUCCESS\" > \"${SCRIPT_OUTPUT_FILE_0}\"\n";
			showEnvVarsInLog = 0;
		};
		E2D6828F5566EC24C947D588 /* [CP] Embed Pods Frameworks */ = {
			isa = PBXShellScriptBuildPhase;
			buildActionMask = 2147483647;
			files = (
			);
			inputPaths = (
				"${SRCROOT}/Pods/Target Support Files/Pods-GithubSearchDemo/Pods-GithubSearchDemo-frameworks.sh",
				"${BUILT_PRODUCTS_DIR}/Alamofire/Alamofire.framework",
				"${BUILT_PRODUCTS_DIR}/SDWebImage/SDWebImage.framework",
				"${BUILT_PRODUCTS_DIR}/SwiftyJSON/SwiftyJSON.framework",
			);
			name = "[CP] Embed Pods Frameworks";
			outputPaths = (
				"${TARGET_BUILD_DIR}/${FRAMEWORKS_FOLDER_PATH}/Alamofire.framework",
				"${TARGET_BUILD_DIR}/${FRAMEWORKS_FOLDER_PATH}/SDWebImage.framework",
				"${TARGET_BUILD_DIR}/${FRAMEWORKS_FOLDER_PATH}/SwiftyJSON.framework",
			);
			runOnlyForDeploymentPostprocessing = 0;
			shellPath = /bin/sh;
			shellScript = "\"${SRCROOT}/Pods/Target Support Files/Pods-GithubSearchDemo/Pods-GithubSearchDemo-frameworks.sh\"\n";
			showEnvVarsInLog = 0;
		};
		E753CB61BE310FC5B6B65DEB /* [CP] Copy Pods Resources */ = {
			isa = PBXShellScriptBuildPhase;
			buildActionMask = 2147483647;
			files = (
			);
			inputPaths = (
			);
			name = "[CP] Copy Pods Resources";
			outputPaths = (
			);
			runOnlyForDeploymentPostprocessing = 0;
			shellPath = /bin/sh;
			shellScript = "\"${SRCROOT}/Pods/Target Support Files/Pods-GithubSearchDemo/Pods-GithubSearchDemo-resources.sh\"\n";
			showEnvVarsInLog = 0;
		};
/* End PBXShellScriptBuildPhase section */

/* Begin PBXSourcesBuildPhase section */
		53F3E7551FD9A1EC007CEF5D /* Sources */ = {
			isa = PBXSourcesBuildPhase;
			buildActionMask = 2147483647;
			files = (
				53F3E75F1FD9A1EC007CEF5D /* ViewController.swift in Sources */,
				53F3E7701FD9A23F007CEF5D /* WebViewController.swift in Sources */,
				53F3E75D1FD9A1EC007CEF5D /* AppDelegate.swift in Sources */,
			);
			runOnlyForDeploymentPostprocessing = 0;
		};
/* End PBXSourcesBuildPhase section */

/* Begin PBXVariantGroup section */
		53F3E7601FD9A1EC007CEF5D /* Main.storyboard */ = {
			isa = PBXVariantGroup;
			children = (
				53F3E7611FD9A1EC007CEF5D /* Base */,
			);
			name = Main.storyboard;
			sourceTree = "<group>";
		};
		53F3E7651FD9A1EC007CEF5D /* LaunchScreen.storyboard */ = {
			isa = PBXVariantGroup;
			children = (
				53F3E7661FD9A1EC007CEF5D /* Base */,
			);
			name = LaunchScreen.storyboard;
			sourceTree = "<group>";
		};
/* End PBXVariantGroup section */

/* Begin XCBuildConfiguration section */
		53F3E7691FD9A1EC007CEF5D /* Debug */ = {
			isa = XCBuildConfiguration;
			buildSettings = {
				ALWAYS_SEARCH_USER_PATHS = NO;
				CLANG_ANALYZER_NONNULL = YES;
				CLANG_ANALYZER_NUMBER_OBJECT_CONVERSION = YES_AGGRESSIVE;
				CLANG_CXX_LANGUAGE_STANDARD = "gnu++14";
				CLANG_CXX_LIBRARY = "libc++";
				CLANG_ENABLE_MODULES = YES;
				CLANG_ENABLE_OBJC_ARC = YES;
				CLANG_WARN_BLOCK_CAPTURE_AUTORELEASING = YES;
				CLANG_WARN_BOOL_CONVERSION = YES;
				CLANG_WARN_COMMA = YES;
				CLANG_WARN_CONSTANT_CONVERSION = YES;
				CLANG_WARN_DIRECT_OBJC_ISA_USAGE = YES_ERROR;
				CLANG_WARN_DOCUMENTATION_COMMENTS = YES;
				CLANG_WARN_EMPTY_BODY = YES;
				CLANG_WARN_ENUM_CONVERSION = YES;
				CLANG_WARN_INFINITE_RECURSION = YES;
				CLANG_WARN_INT_CONVERSION = YES;
				CLANG_WARN_NON_LITERAL_NULL_CONVERSION = YES;
				CLANG_WARN_OBJC_LITERAL_CONVERSION = YES;
				CLANG_WARN_OBJC_ROOT_CLASS = YES_ERROR;
				CLANG_WARN_RANGE_LOOP_ANALYSIS = YES;
				CLANG_WARN_STRICT_PROTOTYPES = YES;
				CLANG_WARN_SUSPICIOUS_MOVE = YES;
				CLANG_WARN_UNGUARDED_AVAILABILITY = YES_AGGRESSIVE;
				CLANG_WARN_UNREACHABLE_CODE = YES;
				CLANG_WARN__DUPLICATE_METHOD_MATCH = YES;
				CODE_SIGN_IDENTITY = "iPhone Developer";
				COPY_PHASE_STRIP = NO;
				DEBUG_INFORMATION_FORMAT = dwarf;
				ENABLE_STRICT_OBJC_MSGSEND = YES;
				ENABLE_TESTABILITY = YES;
				GCC_C_LANGUAGE_STANDARD = gnu11;
				GCC_DYNAMIC_NO_PIC = NO;
				GCC_NO_COMMON_BLOCKS = YES;
				GCC_OPTIMIZATION_LEVEL = 0;
				GCC_PREPROCESSOR_DEFINITIONS = (
					"DEBUG=1",
					"$(inherited)",
				);
				GCC_WARN_64_TO_32_BIT_CONVERSION = YES;
				GCC_WARN_ABOUT_RETURN_TYPE = YES_ERROR;
				GCC_WARN_UNDECLARED_SELECTOR = YES;
				GCC_WARN_UNINITIALIZED_AUTOS = YES_AGGRESSIVE;
				GCC_WARN_UNUSED_FUNCTION = YES;
				GCC_WARN_UNUSED_VARIABLE = YES;
				IPHONEOS_DEPLOYMENT_TARGET = 11.1;
				MTL_ENABLE_DEBUG_INFO = YES;
				ONLY_ACTIVE_ARCH = YES;
				SDKROOT = iphoneos;
				SWIFT_ACTIVE_COMPILATION_CONDITIONS = DEBUG;
				SWIFT_OPTIMIZATION_LEVEL = "-Onone";
			};
			name = Debug;
		};
		53F3E76A1FD9A1EC007CEF5D /* Release */ = {
			isa = XCBuildConfiguration;
			buildSettings = {
				ALWAYS_SEARCH_USER_PATHS = NO;
				CLANG_ANALYZER_NONNULL = YES;
				CLANG_ANALYZER_NUMBER_OBJECT_CONVERSION = YES_AGGRESSIVE;
				CLANG_CXX_LANGUAGE_STANDARD = "gnu++14";
				CLANG_CXX_LIBRARY = "libc++";
				CLANG_ENABLE_MODULES = YES;
				CLANG_ENABLE_OBJC_ARC = YES;
				CLANG_WARN_BLOCK_CAPTURE_AUTORELEASING = YES;
				CLANG_WARN_BOOL_CONVERSION = YES;
				CLANG_WARN_COMMA = YES;
				CLANG_WARN_CONSTANT_CONVERSION = YES;
				CLANG_WARN_DIRECT_OBJC_ISA_USAGE = YES_ERROR;
				CLANG_WARN_DOCUMENTATION_COMMENTS = YES;
				CLANG_WARN_EMPTY_BODY = YES;
				CLANG_WARN_ENUM_CONVERSION = YES;
				CLANG_WARN_INFINITE_RECURSION = YES;
				CLANG_WARN_INT_CONVERSION = YES;
				CLANG_WARN_NON_LITERAL_NULL_CONVERSION = YES;
				CLANG_WARN_OBJC_LITERAL_CONVERSION = YES;
				CLANG_WARN_OBJC_ROOT_CLASS = YES_ERROR;
				CLANG_WARN_RANGE_LOOP_ANALYSIS = YES;
				CLANG_WARN_STRICT_PROTOTYPES = YES;
				CLANG_WARN_SUSPICIOUS_MOVE = YES;
				CLANG_WARN_UNGUARDED_AVAILABILITY = YES_AGGRESSIVE;
				CLANG_WARN_UNREACHABLE_CODE = YES;
				CLANG_WARN__DUPLICATE_METHOD_MATCH = YES;
				CODE_SIGN_IDENTITY = "iPhone Developer";
				COPY_PHASE_STRIP = NO;
				DEBUG_INFORMATION_FORMAT = "dwarf-with-dsym";
				ENABLE_NS_ASSERTIONS = NO;
				ENABLE_STRICT_OBJC_MSGSEND = YES;
				GCC_C_LANGUAGE_STANDARD = gnu11;
				GCC_NO_COMMON_BLOCKS = YES;
				GCC_WARN_64_TO_32_BIT_CONVERSION = YES;
				GCC_WARN_ABOUT_RETURN_TYPE = YES_ERROR;
				GCC_WARN_UNDECLARED_SELECTOR = YES;
				GCC_WARN_UNINITIALIZED_AUTOS = YES_AGGRESSIVE;
				GCC_WARN_UNUSED_FUNCTION = YES;
				GCC_WARN_UNUSED_VARIABLE = YES;
				IPHONEOS_DEPLOYMENT_TARGET = 11.1;
				MTL_ENABLE_DEBUG_INFO = NO;
				SDKROOT = iphoneos;
				SWIFT_OPTIMIZATION_LEVEL = "-Owholemodule";
				VALIDATE_PRODUCT = YES;
			};
			name = Release;
		};
		53F3E76C1FD9A1EC007CEF5D /* Debug */ = {
			isa = XCBuildConfiguration;
			baseConfigurationReference = C92645BD3C2B5B0D7B4C1FD0 /* Pods-GithubSearchDemo.debug.xcconfig */;
			buildSettings = {
				ASSETCATALOG_COMPILER_APPICON_NAME = AppIcon;
				CODE_SIGN_STYLE = Automatic;
				INFOPLIST_FILE = GithubSearchDemo/Info.plist;
				LD_RUNPATH_SEARCH_PATHS = "$(inherited) @executable_path/Frameworks";
				PRODUCT_BUNDLE_IDENTIFIER = nathan.GithubSearchDemo;
				PRODUCT_NAME = "$(TARGET_NAME)";
				SWIFT_VERSION = 4.0;
				TARGETED_DEVICE_FAMILY = "1,2";
			};
			name = Debug;
		};
		53F3E76D1FD9A1EC007CEF5D /* Release */ = {
			isa = XCBuildConfiguration;
			baseConfigurationReference = BCE6BD6F4BAEB0B4D7ADA817 /* Pods-GithubSearchDemo.release.xcconfig */;
			buildSettings = {
				ASSETCATALOG_COMPILER_APPICON_NAME = AppIcon;
				CODE_SIGN_STYLE = Automatic;
				INFOPLIST_FILE = GithubSearchDemo/Info.plist;
				LD_RUNPATH_SEARCH_PATHS = "$(inherited) @executable_path/Frameworks";
				PRODUCT_BUNDLE_IDENTIFIER = nathan.GithubSearchDemo;
				PRODUCT_NAME = "$(TARGET_NAME)";
				SWIFT_VERSION = 4.0;
				TARGETED_DEVICE_FAMILY = "1,2";
			};
			name = Release;
		};
/* End XCBuildConfiguration section */

/* Begin XCConfigurationList section */
		53F3E7541FD9A1EC007CEF5D /* Build configuration list for PBXProject "GithubSearchDemo" */ = {
			isa = XCConfigurationList;
			buildConfigurations = (
				53F3E7691FD9A1EC007CEF5D /* Debug */,
				53F3E76A1FD9A1EC007CEF5D /* Release */,
			);
			defaultConfigurationIsVisible = 0;
			defaultConfigurationName = Release;
		};
		53F3E76B1FD9A1EC007CEF5D /* Build configuration list for PBXNativeTarget "GithubSearchDemo" */ = {
			isa = XCConfigurationList;
			buildConfigurations = (
				53F3E76C1FD9A1EC007CEF5D /* Debug */,
				53F3E76D1FD9A1EC007CEF5D /* Release */,
			);
			defaultConfigurationIsVisible = 0;
			defaultConfigurationName = Release;
		};
/* End XCConfigurationList section */
	};
	rootObject = 53F3E7511FD9A1EC007CEF5D /* Project object */;
}
